
Microsoft Visual Studio Solution File, Format Version 12.00
# Visual Studio Version 16
VisualStudioVersion = 16.0.31702.278
MinimumVisualStudioVersion = 10.0.40219.1
Project("{FAE04EC0-301F-11D3-BF4B-00C04F79EFBC}") = "MyVilla_WebAPI", "MyVilla_WebAPI\MyVilla_WebAPI.csproj", "{990C633E-DD2B-49B3-9C48-4BA59AF478BD}"
EndProject
Global
	GlobalSection(SolutionConfigurationPlatforms) = preSolution
		Debug|Any CPU = Debug|Any CPU
		Release|Any CPU = Release|Any CPU
	EndGlobalSection
	GlobalSection(ProjectConfigurationPlatforms) = postSolution
		{990C633E-DD2B-49B3-9C48-4BA59AF478BD}.Debug|Any CPU.ActiveCfg = Debug|Any CPU
		{990C633E-DD2B-49B3-9C48-4BA59AF478BD}.Debug|Any CPU.Build.0 = Debug|Any CPU
		{990C633E-DD2B-49B3-9C48-4BA59AF478BD}.Release|Any CPU.ActiveCfg = Release|Any CPU
		{990C633E-DD2B-49B3-9C48-4BA59AF478BD}.Release|Any CPU.Build.0 = Release|Any CPU
	EndGlobalSection
	GlobalSection(SolutionProperties) = preSolution
		HideSolutionNode = FALSE
	EndGlobalSection
	GlobalSection(ExtensibilityGlobals) = postSolution
		SolutionGuid = {B31DA4DB-E361-4203-A716-0FD2877D39E0}
	EndGlobalSection
EndGlobal
